// !$*UTF8*$!
{
	archiveVersion = 1;
	classes = {
	};
	objectVersion = 50;
	objects = {

/* Begin PBXBuildFile section */
		7A47976821A537940045A170 /* AppDelegate.swift in Sources */ = {isa = PBXBuildFile; fileRef = 7A47976721A537940045A170 /* AppDelegate.swift */; };
		7A47976A21A537940045A170 /* ViewController.swift in Sources */ = {isa = PBXBuildFile; fileRef = 7A47976921A537940045A170 /* ViewController.swift */; };
		7A47976D21A537940045A170 /* Main.storyboard in Resources */ = {isa = PBXBuildFile; fileRef = 7A47976B21A537940045A170 /* Main.storyboard */; };
		7A47976F21A5379C0045A170 /* Assets.xcassets in Resources */ = {isa = PBXBuildFile; fileRef = 7A47976E21A5379C0045A170 /* Assets.xcassets */; };
		7A47977221A5379C0045A170 /* LaunchScreen.storyboard in Resources */ = {isa = PBXBuildFile; fileRef = 7A47977021A5379C0045A170 /* LaunchScreen.storyboard */; };
		7A47977A21A53F740045A170 /* BBFruitMachine.swift in Sources */ = {isa = PBXBuildFile; fileRef = 7A47977921A53F740045A170 /* BBFruitMachine.swift */; };
/* End PBXBuildFile section */

/* Begin PBXFileReference section */
		7A47976421A537940045A170 /* BBFruitMachine.app */ = {isa = PBXFileReference; explicitFileType = wrapper.application; includeInIndex = 0; path = BBFruitMachine.app; sourceTree = BUILT_PRODUCTS_DIR; };
		7A47976721A537940045A170 /* AppDelegate.swift */ = {isa = PBXFileReference; lastKnownFileType = sourcecode.swift; path = AppDelegate.swift; sourceTree = "<group>"; };
		7A47976921A537940045A170 /* ViewController.swift */ = {isa = PBXFileReference; lastKnownFileType = sourcecode.swift; path = ViewController.swift; sourceTree = "<group>"; };
		7A47976C21A537940045A170 /* Base */ = {isa = PBXFileReference; lastKnownFileType = file.storyboard; name = Base; path = Base.lproj/Main.storyboard; sourceTree = "<group>"; };
		7A47976E21A5379C0045A170 /* Assets.xcassets */ = {isa = PBXFileReference; lastKnownFileType = folder.assetcatalog; path = Assets.xcassets; sourceTree = "<group>"; };
		7A47977121A5379C0045A170 /* Base */ = {isa = PBXFileReference; lastKnownFileType = file.storyboard; name = Base; path = Base.lproj/LaunchScreen.storyboard; sourceTree = "<group>"; };
		7A47977321A5379C0045A170 /* Info.plist */ = {isa = PBXFileReference; lastKnownFileType = text.plist.xml; path = Info.plist; sourceTree = "<group>"; };
		7A47977921A53F740045A170 /* BBFruitMachine.swift */ = {isa = PBXFileReference; lastKnownFileType = sourcecode.swift; path = BBFruitMachine.swift; sourceTree = "<group>"; };
/* End PBXFileReference section */

/* Begin PBXFrameworksBuildPhase section */
		7A47976121A537940045A170 /* Frameworks */ = {
			isa = PBXFrameworksBuildPhase;
			buildActionMask = 2147483647;
			files = (
			);
			runOnlyForDeploymentPostprocessing = 0;
		};
/* End PBXFrameworksBuildPhase section */

/* Begin PBXGroup section */
		7A47975B21A537930045A170 = {
			isa = PBXGroup;
			children = (
				7A47976621A537940045A170 /* BBFruitMachine */,
				7A47976521A537940045A170 /* Products */,
			);
			sourceTree = "<group>";
		};
		7A47976521A537940045A170 /* Products */ = {
			isa = PBXGroup;
			children = (
				7A47976421A537940045A170 /* BBFruitMachine.app */,
			);
			name = Products;
			sourceTree = "<group>";
		};
		7A47976621A537940045A170 /* BBFruitMachine */ = {
			isa = PBXGroup;
			children = (
				7A47976721A537940045A170 /* AppDelegate.swift */,
				7A47976921A537940045A170 /* ViewController.swift */,
				7A47977921A53F740045A170 /* BBFruitMachine.swift */,
				7A47976B21A537940045A170 /* Main.storyboard */,
				7A47976E21A5379C0045A170 /* Assets.xcassets */,
				7A47977021A5379C0045A170 /* LaunchScreen.storyboard */,
				7A47977321A5379C0045A170 /* Info.plist */,
			);
			path = BBFruitMachine;
			sourceTree = "<group>";
		};
/* End PBXGroup section */

/* Begin PBXNativeTarget section */
		7A47976321A537940045A170 /* BBFruitMachine */ = {
			isa = PBXNativeTarget;
			buildConfigurationList = 7A47977621A5379C0045A170 /* Build configuration list for PBXNativeTarget "BBFruitMachine" */;
			buildPhases = (
				7A47976021A537940045A170 /* Sources */,
				7A47976121A537940045A170 /* Frameworks */,
				7A47976221A537940045A170 /* Resources */,
			);
			buildRules = (
			);
			dependencies = (
			);
			name = BBFruitMachine;
			productName = BBFruitMachine;
			productReference = 7A47976421A537940045A170 /* BBFruitMachine.app */;
			productType = "com.apple.product-type.application";
		};
/* End PBXNativeTarget section */

/* Begin PBXProject section */
		7A47975C21A537930045A170 /* Project object */ = {
			isa = PBXProject;
			attributes = {
				LastSwiftUpdateCheck = 1010;
				LastUpgradeCheck = 1010;
				ORGANIZATIONNAME = MQ;
				TargetAttributes = {
					7A47976321A537940045A170 = {
						CreatedOnToolsVersion = 10.1;
					};
				};
			};
			buildConfigurationList = 7A47975F21A537930045A170 /* Build configuration list for PBXProject "BBFruitMachine" */;
			compatibilityVersion = "Xcode 9.3";
			developmentRegion = en;
			hasScannedForEncodings = 0;
			knownRegions = (
				en,
				Base,
			);
			mainGroup = 7A47975B21A537930045A170;
			productRefGroup = 7A47976521A537940045A170 /* Products */;
			projectDirPath = "";
			projectRoot = "";
			targets = (
				7A47976321A537940045A170 /* BBFruitMachine */,
			);
		};
/* End PBXProject section */

/* Begin PBXResourcesBuildPhase section */
		7A47976221A537940045A170 /* Resources */ = {
			isa = PBXResourcesBuildPhase;
			buildActionMask = 2147483647;
			files = (
				7A47977221A5379C0045A170 /* LaunchScreen.storyboard in Resources */,
				7A47976F21A5379C0045A170 /* Assets.xcassets in Resources */,
				7A47976D21A537940045A170 /* Main.storyboard in Resources */,
			);
			runOnlyForDeploymentPostprocessing = 0;
		};
/* End PBXResourcesBuildPhase section */

/* Begin PBXSourcesBuildPhase section */
		7A47976021A537940045A170 /* Sources */ = {
			isa = PBXSourcesBuildPhase;
			buildActionMask = 2147483647;
			files = (
				7A47976A21A537940045A170 /* ViewController.swift in Sources */,
				7A47976821A537940045A170 /* AppDelegate.swift in Sources */,
				7A47977A21A53F740045A170 /* BBFruitMachine.swift in Sources */,
			);
			runOnlyForDeploymentPostprocessing = 0;
		};
/* End PBXSourcesBuildPhase section */

/* Begin PBXVariantGroup section */
		7A47976B21A537940045A170 /* Main.storyboard */ = {
			isa = PBXVariantGroup;
			children = (
				7A47976C21A537940045A170 /* Base */,
			);
			name = Main.storyboard;
			sourceTree = "<group>";
		};
		7A47977021A5379C0045A170 /* LaunchScreen.storyboard */ = {
			isa = PBXVariantGroup;
			children = (
				7A47977121A5379C0045A170 /* Base */,
			);
			name = LaunchScreen.storyboard;
			sourceTree = "<group>";
		};
/* End PBXVariantGroup section */

/* Begin XCBuildConfiguration section */
		7A47977421A5379C0045A170 /* Debug */ = {
			isa = XCBuildConfiguration;
			buildSettings = {
				ALWAYS_SEARCH_USER_PATHS = NO;
				CLANG_ANALYZER_NONNULL = YES;
				CLANG_ANALYZER_NUMBER_OBJECT_CONVERSION = YES_AGGRESSIVE;
				CLANG_CXX_LANGUAGE_STANDARD = "gnu++14";
				CLANG_CXX_LIBRARY = "libc++";
				CLANG_ENABLE_MODULES = YES;
				CLANG_ENABLE_OBJC_ARC = YES;
				CLANG_ENABLE_OBJC_WEAK = YES;
				CLANG_WARN_BLOCK_CAPTURE_AUTORELEASING = YES;
				CLANG_WARN_BOOL_CONVERSION = YES;
				CLANG_WARN_COMMA = YES;
				CLANG_WARN_CONSTANT_CONVERSION = YES;
				CLANG_WARN_DEPRECATED_OBJC_IMPLEMENTATIONS = YES;
				CLANG_WARN_DIRECT_OBJC_ISA_USAGE = YES_ERROR;
				CLANG_WARN_DOCUMENTATION_COMMENTS = YES;
				CLANG_WARN_EMPTY_BODY = YES;
				CLANG_WARN_ENUM_CONVERSION = YES;
				CLANG_WARN_INFINITE_RECURSION = YES;
				CLANG_WARN_INT_CONVERSION = YES;
				CLANG_WARN_NON_LITERAL_NULL_CONVERSION = YES;
				CLANG_WARN_OBJC_IMPLICIT_RETAIN_SELF = YES;
				CLANG_WARN_OBJC_LITERAL_CONVERSION = YES;
				CLANG_WARN_OBJC_ROOT_CLASS = YES_ERROR;
				CLANG_WARN_RANGE_LOOP_ANALYSIS = YES;
				CLANG_WARN_STRICT_PROTOTYPES = YES;
				CLANG_WARN_SUSPICIOUS_MOVE = YES;
				CLANG_WARN_UNGUARDED_AVAILABILITY = YES_AGGRESSIVE;
				CLANG_WARN_UNREACHABLE_CODE = YES;
				CLANG_WARN__DUPLICATE_METHOD_MATCH = YES;
				CODE_SIGN_IDENTITY = "iPhone Developer";
				COPY_PHASE_STRIP = NO;
				DEBUG_INFORMATION_FORMAT = dwarf;
				ENABLE_STRICT_OBJC_MSGSEND = YES;
				ENABLE_TESTABILITY = YES;
				GCC_C_LANGUAGE_STANDARD = gnu11;
				GCC_DYNAMIC_NO_PIC = NO;
				GCC_NO_COMMON_BLOCKS = YES;
				GCC_OPTIMIZATION_LEVEL = 0;
				GCC_PREPROCESSOR_DEFINITIONS = (
					"DEBUG=1",
					"$(inherited)",
				);
				GCC_WARN_64_TO_32_BIT_CONVERSION = YES;
				GCC_WARN_ABOUT_RETURN_TYPE = YES_ERROR;
				GCC_WARN_UNDECLARED_SELECTOR = YES;
				GCC_WARN_UNINITIALIZED_AUTOS = YES_AGGRESSIVE;
				GCC_WARN_UNUSED_FUNCTION = YES;
				GCC_WARN_UNUSED_VARIABLE = YES;
				IPHONEOS_DEPLOYMENT_TARGET = 12.1;
				MTL_ENABLE_DEBUG_INFO = INCLUDE_SOURCE;
				MTL_FAST_MATH = YES;
				ONLY_ACTIVE_ARCH = YES;
				SDKROOT = iphoneos;
				SWIFT_ACTIVE_COMPILATION_CONDITIONS = DEBUG;
				SWIFT_OPTIMIZATION_LEVEL = "-Onone";
			};
			name = Debug;
		};
		7A47977521A5379C0045A170 /* Release */ = {
			isa = XCBuildConfiguration;
			buildSettings = {
				ALWAYS_SEARCH_USER_PATHS = NO;
				CLANG_ANALYZER_NONNULL = YES;
				CLANG_ANALYZER_NUMBER_OBJECT_CONVERSION = YES_AGGRESSIVE;
				CLANG_CXX_LANGUAGE_STANDARD = "gnu++14";
				CLANG_CXX_LIBRARY = "libc++";
				CLANG_ENABLE_MODULES = YES;
				CLANG_ENABLE_OBJC_ARC = YES;
				CLANG_ENABLE_OBJC_WEAK = YES;
				CLANG_WARN_BLOCK_CAPTURE_AUTORELEASING = YES;
				CLANG_WARN_BOOL_CONVERSION = YES;
				CLANG_WARN_COMMA = YES;
				CLANG_WARN_CONSTANT_CONVERSION = YES;
				CLANG_WARN_DEPRECATED_OBJC_IMPLEMENTATIONS = YES;
				CLANG_WARN_DIRECT_OBJC_ISA_USAGE = YES_ERROR;
				CLANG_WARN_DOCUMENTATION_COMMENTS = YES;
				CLANG_WARN_EMPTY_BODY = YES;
				CLANG_WARN_ENUM_CONVERSION = YES;
				CLANG_WARN_INFINITE_RECURSION = YES;
				CLANG_WARN_INT_CONVERSION = YES;
				CLANG_WARN_NON_LITERAL_NULL_CONVERSION = YES;
				CLANG_WARN_OBJC_IMPLICIT_RETAIN_SELF = YES;
				CLANG_WARN_OBJC_LITERAL_CONVERSION = YES;
				CLANG_WARN_OBJC_ROOT_CLASS = YES_ERROR;
				CLANG_WARN_RANGE_LOOP_ANALYSIS = YES;
				CLANG_WARN_STRICT_PROTOTYPES = YES;
				CLANG_WARN_SUSPICIOUS_MOVE = YES;
				CLANG_WARN_UNGUARDED_AVAILABILITY = YES_AGGRESSIVE;
				CLANG_WARN_UNREACHABLE_CODE = YES;
				CLANG_WARN__DUPLICATE_METHOD_MATCH = YES;
				CODE_SIGN_IDENTITY = "iPhone Developer";
				COPY_PHASE_STRIP = NO;
				DEBUG_INFORMATION_FORMAT = "dwarf-with-dsym";
				ENABLE_NS_ASSERTIONS = NO;
				ENABLE_STRICT_OBJC_MSGSEND = YES;
				GCC_C_LANGUAGE_STANDARD = gnu11;
				GCC_NO_COMMON_BLOCKS = YES;
				GCC_WARN_64_TO_32_BIT_CONVERSION = YES;
				GCC_WARN_ABOUT_RETURN_TYPE = YES_ERROR;
				GCC_WARN_UNDECLARED_SELECTOR = YES;
				GCC_WARN_UNINITIALIZED_AUTOS = YES_AGGRESSIVE;
				GCC_WARN_UNUSED_FUNCTION = YES;
				GCC_WARN_UNUSED_VARIABLE = YES;
				IPHONEOS_DEPLOYMENT_TARGET = 12.1;
				MTL_ENABLE_DEBUG_INFO = NO;
				MTL_FAST_MATH = YES;
				SDKROOT = iphoneos;
				SWIFT_COMPILATION_MODE = wholemodule;
				SWIFT_OPTIMIZATION_LEVEL = "-O";
				VALIDATE_PRODUCT = YES;
			};
			name = Release;
		};
		7A47977721A5379C0045A170 /* Debug */ = {
			isa = XCBuildConfiguration;
			buildSettings = {
				ASSETCATALOG_COMPILER_APPICON_NAME = AppIcon;
				CODE_SIGN_STYLE = Automatic;
				INFOPLIST_FILE = BBFruitMachine/Info.plist;
				LD_RUNPATH_SEARCH_PATHS = (
					"$(inherited)",
					"@executable_path/Frameworks",
				);
				PRODUCT_BUNDLE_IDENTIFIER = com.MQ.BBFruitMachine;
				PRODUCT_NAME = "$(TARGET_NAME)";
				SWIFT_VERSION = 4.2;
				TARGETED_DEVICE_FAMILY = "1,2";
			};
			name = Debug;
		};
		7A47977821A5379C0045A170 /* Release */ = {
			isa = XCBuildConfiguration;
			buildSettings = {
				ASSETCATALOG_COMPILER_APPICON_NAME = AppIcon;
				CODE_SIGN_STYLE = Automatic;
				INFOPLIST_FILE = BBFruitMachine/Info.plist;
				LD_RUNPATH_SEARCH_PATHS = (
					"$(inherited)",
					"@executable_path/Frameworks",
				);
				PRODUCT_BUNDLE_IDENTIFIER = com.MQ.BBFruitMachine;
				PRODUCT_NAME = "$(TARGET_NAME)";
				SWIFT_VERSION = 4.2;
				TARGETED_DEVICE_FAMILY = "1,2";
			};
			name = Release;
		};
/* End XCBuildConfiguration section */

/* Begin XCConfigurationList section */
		7A47975F21A537930045A170 /* Build configuration list for PBXProject "BBFruitMachine" */ = {
			isa = XCConfigurationList;
			buildConfigurations = (
				7A47977421A5379C0045A170 /* Debug */,
				7A47977521A5379C0045A170 /* Release */,
			);
			defaultConfigurationIsVisible = 0;
			defaultConfigurationName = Release;
		};
		7A47977621A5379C0045A170 /* Build configuration list for PBXNativeTarget "BBFruitMachine" */ = {
			isa = XCConfigurationList;
			buildConfigurations = (
				7A47977721A5379C0045A170 /* Debug */,
				7A47977821A5379C0045A170 /* Release */,
			);
			defaultConfigurationIsVisible = 0;
			defaultConfigurationName = Release;
		};
/* End XCConfigurationList section */
	};
	rootObject = 7A47975C21A537930045A170 /* Project object */;
}
